
Microsoft Visual Studio Solution File, Format Version 12.00
# Visual Studio Version 17
VisualStudioVersion = 17.4.33122.133
MinimumVisualStudioVersion = 10.0.40219.1
Project("{9A19103F-16F7-4668-BE54-9A1E7A4F7556}") = "WSAlumnos", "WSAlumnos\WSAlumnos.csproj", "{F4FA2F5F-3EEE-4008-937C-DA1DBA1D9618}"
EndProject
Project("{9A19103F-16F7-4668-BE54-9A1E7A4F7556}") = "WebApiLibros", "WebApiLibros\WebApiLibros.csproj", "{12955543-6008-481F-BFD1-D2343C116795}"
EndProject
Project("{9A19103F-16F7-4668-BE54-9A1E7A4F7556}") = "WebApiNorthwind", "WebApiNorthwind\WebApiNorthwind.csproj", "{879E845F-9419-49DA-85A5-CDBE45911BA0}"
EndProject
Project("{FAE04EC0-301F-11D3-BF4B-00C04F79EFBC}") = "WebApiPubs", "WebApiPubs\WebApiPubs.csproj", "{C173A4CE-AAD7-43B9-9E7C-648461CBE667}"
EndProject
Global
	GlobalSection(SolutionConfigurationPlatforms) = preSolution
		Debug|Any CPU = Debug|Any CPU
		Release|Any CPU = Release|Any CPU
	EndGlobalSection
	GlobalSection(ProjectConfigurationPlatforms) = postSolution
		{F4FA2F5F-3EEE-4008-937C-DA1DBA1D9618}.Debug|Any CPU.ActiveCfg = Debug|Any CPU
		{F4FA2F5F-3EEE-4008-937C-DA1DBA1D9618}.Debug|Any CPU.Build.0 = Debug|Any CPU
		{F4FA2F5F-3EEE-4008-937C-DA1DBA1D9618}.Release|Any CPU.ActiveCfg = Release|Any CPU
		{F4FA2F5F-3EEE-4008-937C-DA1DBA1D9618}.Release|Any CPU.Build.0 = Release|Any CPU
		{12955543-6008-481F-BFD1-D2343C116795}.Debug|Any CPU.ActiveCfg = Debug|Any CPU
		{12955543-6008-481F-BFD1-D2343C116795}.Debug|Any CPU.Build.0 = Debug|Any CPU
		{12955543-6008-481F-BFD1-D2343C116795}.Release|Any CPU.ActiveCfg = Release|Any CPU
		{12955543-6008-481F-BFD1-D2343C116795}.Release|Any CPU.Build.0 = Release|Any CPU
		{879E845F-9419-49DA-85A5-CDBE45911BA0}.Debug|Any CPU.ActiveCfg = Debug|Any CPU
		{879E845F-9419-49DA-85A5-CDBE45911BA0}.Debug|Any CPU.Build.0 = Debug|Any CPU
		{879E845F-9419-49DA-85A5-CDBE45911BA0}.Release|Any CPU.ActiveCfg = Release|Any CPU
		{879E845F-9419-49DA-85A5-CDBE45911BA0}.Release|Any CPU.Build.0 = Release|Any CPU
		{C173A4CE-AAD7-43B9-9E7C-648461CBE667}.Debug|Any CPU.ActiveCfg = Debug|Any CPU
		{C173A4CE-AAD7-43B9-9E7C-648461CBE667}.Debug|Any CPU.Build.0 = Debug|Any CPU
		{C173A4CE-AAD7-43B9-9E7C-648461CBE667}.Release|Any CPU.ActiveCfg = Release|Any CPU
		{C173A4CE-AAD7-43B9-9E7C-648461CBE667}.Release|Any CPU.Build.0 = Release|Any CPU
	EndGlobalSection
	GlobalSection(SolutionProperties) = preSolution
		HideSolutionNode = FALSE
	EndGlobalSection
	GlobalSection(ExtensibilityGlobals) = postSolution
		SolutionGuid = {00EF32CD-FF93-4F79-8C8C-850EFB4FF321}
	EndGlobalSection
EndGlobal
